
Microsoft Visual Studio Solution File, Format Version 12.00
# Visual Studio Version 16
VisualStudioVersion = 16.0.29709.97
MinimumVisualStudioVersion = 10.0.40219.1
Project("{FAE04EC0-301F-11D3-BF4B-00C04F79EFBC}") = "SignalRDemoDocs", "SignalRDemoDocs\SignalRDemoDocs.csproj", "{FCEAE320-B820-48FB-947E-90DCF3D29319}"
EndProject
Global
	GlobalSection(SolutionConfigurationPlatforms) = preSolution
		Debug|Any CPU = Debug|Any CPU
		Release|Any CPU = Release|Any CPU
	EndGlobalSection
	GlobalSection(ProjectConfigurationPlatforms) = postSolution
		{FCEAE320-B820-48FB-947E-90DCF3D29319}.Debug|Any CPU.ActiveCfg = Debug|Any CPU
		{FCEAE320-B820-48FB-947E-90DCF3D29319}.Debug|Any CPU.Build.0 = Debug|Any CPU
		{FCEAE320-B820-48FB-947E-90DCF3D29319}.Release|Any CPU.ActiveCfg = Release|Any CPU
		{FCEAE320-B820-48FB-947E-90DCF3D29319}.Release|Any CPU.Build.0 = Release|Any CPU
	EndGlobalSection
	GlobalSection(SolutionProperties) = preSolution
		HideSolutionNode = FALSE
	EndGlobalSection
	GlobalSection(ExtensibilityGlobals) = postSolution
		SolutionGuid = {5A1BEA93-F17F-4555-8AC5-348E37578F31}
	EndGlobalSection
EndGlobal
